
Microsoft Visual Studio Solution File, Format Version 12.00
# Visual Studio Version 16
VisualStudioVersion = 16.0.29411.108
MinimumVisualStudioVersion = 10.0.40219.1
Project("{9A19103F-16F7-4668-BE54-9A1E7A4F7556}") = "Clockify.Net", "Clockify.Net\Clockify.Net.csproj", "{8CC2607E-9F8B-4656-A019-294BA8F17957}"
EndProject
Project("{FAE04EC0-301F-11D3-BF4B-00C04F79EFBC}") = "Clockify.Tests", "Clockify.Tests\Clockify.Tests.csproj", "{050B714C-C61A-4727-86F1-EB1E0AB65AB2}"
EndProject
Global
	GlobalSection(SolutionConfigurationPlatforms) = preSolution
		Debug|Any CPU = Debug|Any CPU
		Release|Any CPU = Release|Any CPU
	EndGlobalSection
	GlobalSection(ProjectConfigurationPlatforms) = postSolution
		{8CC2607E-9F8B-4656-A019-294BA8F17957}.Debug|Any CPU.ActiveCfg = Debug|Any CPU
		{8CC2607E-9F8B-4656-A019-294BA8F17957}.Debug|Any CPU.Build.0 = Debug|Any CPU
		{8CC2607E-9F8B-4656-A019-294BA8F17957}.Release|Any CPU.ActiveCfg = Release|Any CPU
		{8CC2607E-9F8B-4656-A019-294BA8F17957}.Release|Any CPU.Build.0 = Release|Any CPU
		{050B714C-C61A-4727-86F1-EB1E0AB65AB2}.Debug|Any CPU.ActiveCfg = Debug|Any CPU
		{050B714C-C61A-4727-86F1-EB1E0AB65AB2}.Debug|Any CPU.Build.0 = Debug|Any CPU
		{050B714C-C61A-4727-86F1-EB1E0AB65AB2}.Release|Any CPU.ActiveCfg = Release|Any CPU
		{050B714C-C61A-4727-86F1-EB1E0AB65AB2}.Release|Any CPU.Build.0 = Release|Any CPU
	EndGlobalSection
	GlobalSection(SolutionProperties) = preSolution
		HideSolutionNode = FALSE
	EndGlobalSection
	GlobalSection(ExtensibilityGlobals) = postSolution
		SolutionGuid = {D9FCD8B5-324F-4E19-BE2D-A065DAEE204C}
	EndGlobalSection
EndGlobal
