
Microsoft Visual Studio Solution File, Format Version 12.00
# Visual Studio Version 16
VisualStudioVersion = 16.0.29411.108
MinimumVisualStudioVersion = 10.0.40219.1
Project("{FAE04EC0-301F-11D3-BF4B-00C04F79EFBC}") = "Clockify.Net", "Clockify.Net.csproj", "{F54C905C-A2E6-4481-AEBA-CA9A7D1281A6}"
EndProject
Project("{FAE04EC0-301F-11D3-BF4B-00C04F79EFBC}") = "Clockify.Net.Tests", "..\Clockify.Net.Tests\Clockify.Net.Tests.csproj", "{D4FB36E3-2976-49D4-AF02-C319D69DE0D7}"
EndProject
Global
	GlobalSection(SolutionConfigurationPlatforms) = preSolution
		Debug|Any CPU = Debug|Any CPU
		Release|Any CPU = Release|Any CPU
	EndGlobalSection
	GlobalSection(ProjectConfigurationPlatforms) = postSolution
		{F54C905C-A2E6-4481-AEBA-CA9A7D1281A6}.Debug|Any CPU.ActiveCfg = Debug|Any CPU
		{F54C905C-A2E6-4481-AEBA-CA9A7D1281A6}.Debug|Any CPU.Build.0 = Debug|Any CPU
		{F54C905C-A2E6-4481-AEBA-CA9A7D1281A6}.Release|Any CPU.ActiveCfg = Release|Any CPU
		{F54C905C-A2E6-4481-AEBA-CA9A7D1281A6}.Release|Any CPU.Build.0 = Release|Any CPU
		{D4FB36E3-2976-49D4-AF02-C319D69DE0D7}.Debug|Any CPU.ActiveCfg = Debug|Any CPU
		{D4FB36E3-2976-49D4-AF02-C319D69DE0D7}.Debug|Any CPU.Build.0 = Debug|Any CPU
		{D4FB36E3-2976-49D4-AF02-C319D69DE0D7}.Release|Any CPU.ActiveCfg = Release|Any CPU
		{D4FB36E3-2976-49D4-AF02-C319D69DE0D7}.Release|Any CPU.Build.0 = Release|Any CPU
	EndGlobalSection
	GlobalSection(SolutionProperties) = preSolution
		HideSolutionNode = FALSE
	EndGlobalSection
	GlobalSection(ExtensibilityGlobals) = postSolution
		SolutionGuid = {D9FCD8B5-324F-4E19-BE2D-A065DAEE204C}
	EndGlobalSection
EndGlobal
